
Microsoft Visual Studio Solution File, Format Version 12.00
# Visual Studio 15
VisualStudioVersion = 15.0.26124.0
MinimumVisualStudioVersion = 15.0.26124.0
Project("{FAE04EC0-301F-11D3-BF4B-00C04F79EFBC}") = "RobotWars.Tests.Unit", "RobotWars.Tests.Unit\RobotWars.Tests.Unit.csproj", "{844E26A0-1128-4B65-BA02-CF1D771537CB}"
EndProject
Project("{FAE04EC0-301F-11D3-BF4B-00C04F79EFBC}") = "RobotWars.Tests.Acceptance", "RobotWars.Tests.Acceptance\RobotWars.Tests.Acceptance.csproj", "{5873D154-1A8B-41BE-9688-4BFBC25F5C9C}"
EndProject
Project("{FAE04EC0-301F-11D3-BF4B-00C04F79EFBC}") = "RobotWars", "RobotWars\RobotWars.csproj", "{3CFD5EA5-19B3-4865-9A83-EB4DA0C041BD}"
EndProject
Global
	GlobalSection(SolutionConfigurationPlatforms) = preSolution
		Debug|Any CPU = Debug|Any CPU
		Debug|x64 = Debug|x64
		Debug|x86 = Debug|x86
		Release|Any CPU = Release|Any CPU
		Release|x64 = Release|x64
		Release|x86 = Release|x86
	EndGlobalSection
	GlobalSection(SolutionProperties) = preSolution
		HideSolutionNode = FALSE
	EndGlobalSection
	GlobalSection(ProjectConfigurationPlatforms) = postSolution
		{844E26A0-1128-4B65-BA02-CF1D771537CB}.Debug|Any CPU.ActiveCfg = Debug|Any CPU
		{844E26A0-1128-4B65-BA02-CF1D771537CB}.Debug|Any CPU.Build.0 = Debug|Any CPU
		{844E26A0-1128-4B65-BA02-CF1D771537CB}.Debug|x64.ActiveCfg = Debug|Any CPU
		{844E26A0-1128-4B65-BA02-CF1D771537CB}.Debug|x64.Build.0 = Debug|Any CPU
		{844E26A0-1128-4B65-BA02-CF1D771537CB}.Debug|x86.ActiveCfg = Debug|Any CPU
		{844E26A0-1128-4B65-BA02-CF1D771537CB}.Debug|x86.Build.0 = Debug|Any CPU
		{844E26A0-1128-4B65-BA02-CF1D771537CB}.Release|Any CPU.ActiveCfg = Release|Any CPU
		{844E26A0-1128-4B65-BA02-CF1D771537CB}.Release|Any CPU.Build.0 = Release|Any CPU
		{844E26A0-1128-4B65-BA02-CF1D771537CB}.Release|x64.ActiveCfg = Release|Any CPU
		{844E26A0-1128-4B65-BA02-CF1D771537CB}.Release|x64.Build.0 = Release|Any CPU
		{844E26A0-1128-4B65-BA02-CF1D771537CB}.Release|x86.ActiveCfg = Release|Any CPU
		{844E26A0-1128-4B65-BA02-CF1D771537CB}.Release|x86.Build.0 = Release|Any CPU
		{5873D154-1A8B-41BE-9688-4BFBC25F5C9C}.Debug|Any CPU.ActiveCfg = Debug|Any CPU
		{5873D154-1A8B-41BE-9688-4BFBC25F5C9C}.Debug|Any CPU.Build.0 = Debug|Any CPU
		{5873D154-1A8B-41BE-9688-4BFBC25F5C9C}.Debug|x64.ActiveCfg = Debug|Any CPU
		{5873D154-1A8B-41BE-9688-4BFBC25F5C9C}.Debug|x64.Build.0 = Debug|Any CPU
		{5873D154-1A8B-41BE-9688-4BFBC25F5C9C}.Debug|x86.ActiveCfg = Debug|Any CPU
		{5873D154-1A8B-41BE-9688-4BFBC25F5C9C}.Debug|x86.Build.0 = Debug|Any CPU
		{5873D154-1A8B-41BE-9688-4BFBC25F5C9C}.Release|Any CPU.ActiveCfg = Release|Any CPU
		{5873D154-1A8B-41BE-9688-4BFBC25F5C9C}.Release|Any CPU.Build.0 = Release|Any CPU
		{5873D154-1A8B-41BE-9688-4BFBC25F5C9C}.Release|x64.ActiveCfg = Release|Any CPU
		{5873D154-1A8B-41BE-9688-4BFBC25F5C9C}.Release|x64.Build.0 = Release|Any CPU
		{5873D154-1A8B-41BE-9688-4BFBC25F5C9C}.Release|x86.ActiveCfg = Release|Any CPU
		{5873D154-1A8B-41BE-9688-4BFBC25F5C9C}.Release|x86.Build.0 = Release|Any CPU
		{3CFD5EA5-19B3-4865-9A83-EB4DA0C041BD}.Debug|Any CPU.ActiveCfg = Debug|Any CPU
		{3CFD5EA5-19B3-4865-9A83-EB4DA0C041BD}.Debug|Any CPU.Build.0 = Debug|Any CPU
		{3CFD5EA5-19B3-4865-9A83-EB4DA0C041BD}.Debug|x64.ActiveCfg = Debug|Any CPU
		{3CFD5EA5-19B3-4865-9A83-EB4DA0C041BD}.Debug|x64.Build.0 = Debug|Any CPU
		{3CFD5EA5-19B3-4865-9A83-EB4DA0C041BD}.Debug|x86.ActiveCfg = Debug|Any CPU
		{3CFD5EA5-19B3-4865-9A83-EB4DA0C041BD}.Debug|x86.Build.0 = Debug|Any CPU
		{3CFD5EA5-19B3-4865-9A83-EB4DA0C041BD}.Release|Any CPU.ActiveCfg = Release|Any CPU
		{3CFD5EA5-19B3-4865-9A83-EB4DA0C041BD}.Release|Any CPU.Build.0 = Release|Any CPU
		{3CFD5EA5-19B3-4865-9A83-EB4DA0C041BD}.Release|x64.ActiveCfg = Release|Any CPU
		{3CFD5EA5-19B3-4865-9A83-EB4DA0C041BD}.Release|x64.Build.0 = Release|Any CPU
		{3CFD5EA5-19B3-4865-9A83-EB4DA0C041BD}.Release|x86.ActiveCfg = Release|Any CPU
		{3CFD5EA5-19B3-4865-9A83-EB4DA0C041BD}.Release|x86.Build.0 = Release|Any CPU
	EndGlobalSection
EndGlobal
